Microsoft Visual Studio Solution File, Format Version 12.00
# Visual Studio 2012
Project("{FAE04EC0-301F-11D3-BF4B-00C04F79EFBC}") = "Era of Eternity", "Era of Eternity.csproj", "{A86D927F-8F3F-440B-AB28-5E818FC76E6C}"
EndProject
Global
	GlobalSection(SolutionConfigurationPlatforms) = preSolution
	Debug|Any CPU = Debug|Any CPU
	ExportDebug|Any CPU = ExportDebug|Any CPU
	ExportRelease|Any CPU = ExportRelease|Any CPU
	EndGlobalSection
	GlobalSection(ProjectConfigurationPlatforms) = postSolution
		{A86D927F-8F3F-440B-AB28-5E818FC76E6C}.Debug|Any CPU.ActiveCfg = Debug|Any CPU
		{A86D927F-8F3F-440B-AB28-5E818FC76E6C}.Debug|Any CPU.Build.0 = Debug|Any CPU
		{A86D927F-8F3F-440B-AB28-5E818FC76E6C}.ExportDebug|Any CPU.ActiveCfg = ExportDebug|Any CPU
		{A86D927F-8F3F-440B-AB28-5E818FC76E6C}.ExportDebug|Any CPU.Build.0 = ExportDebug|Any CPU
		{A86D927F-8F3F-440B-AB28-5E818FC76E6C}.ExportRelease|Any CPU.ActiveCfg = ExportRelease|Any CPU
		{A86D927F-8F3F-440B-AB28-5E818FC76E6C}.ExportRelease|Any CPU.Build.0 = ExportRelease|Any CPU
	EndGlobalSection
EndGlobal
